# THIS IS AN AUTOGENERATED FILE. DO NOT EDIT THIS FILE DIRECTLY.
# yarn lockfile v1


svelte-simple-modal@^0.4.0:
  version "0.4.0"
  resolved "https://registry.yarnpkg.com/svelte-simple-modal/-/svelte-simple-modal-0.4.0.tgz#f7e814932e1c17fa765cb411ec84ec9f176fc55e"
  integrity sha512-/LLIseiYlQgYri4GrI2HVPj60QdCenAURI+e6UDC0nXrn0JALuWWi5e2h3qXhlrop38EU5Uve3B5ZlHKJPpS5Q==
